
Microsoft Visual Studio Solution File, Format Version 12.00
Project("{FAE04EC0-301F-11D3-BF4B-00C04F79EFBC}") = "CSharpCollections", "CSharpCollections\CSharpCollections.csproj", "{41C1966A-6384-45C4-A4E3-F0C7466F5EA6}"
EndProject
Global
	GlobalSection(SolutionConfigurationPlatforms) = preSolution
		Debug|Any CPU = Debug|Any CPU
		Release|Any CPU = Release|Any CPU
	EndGlobalSection
	GlobalSection(ProjectConfigurationPlatforms) = postSolution
		{41C1966A-6384-45C4-A4E3-F0C7466F5EA6}.Debug|Any CPU.ActiveCfg = Debug|Any CPU
		{41C1966A-6384-45C4-A4E3-F0C7466F5EA6}.Debug|Any CPU.Build.0 = Debug|Any CPU
		{41C1966A-6384-45C4-A4E3-F0C7466F5EA6}.Release|Any CPU.ActiveCfg = Release|Any CPU
		{41C1966A-6384-45C4-A4E3-F0C7466F5EA6}.Release|Any CPU.Build.0 = Release|Any CPU
	EndGlobalSection
EndGlobal
